// !$*UTF8*$!
{
	archiveVersion = 1;
	classes = {
	};
	objectVersion = 50;
	objects = {

/* Begin PBXBuildFile section */
		551126CC2107D6FB00FB13DF /* AppDelegate.swift in Sources */ = {isa = PBXBuildFile; fileRef = 551126CB2107D6FB00FB13DF /* AppDelegate.swift */; };
		551126CE2107D6FB00FB13DF /* ViewController.swift in Sources */ = {isa = PBXBuildFile; fileRef = 551126CD2107D6FB00FB13DF /* ViewController.swift */; };
		551126D12107D6FB00FB13DF /* Main.storyboard in Resources */ = {isa = PBXBuildFile; fileRef = 551126CF2107D6FB00FB13DF /* Main.storyboard */; };
		551126D32107D6FC00FB13DF /* Assets.xcassets in Resources */ = {isa = PBXBuildFile; fileRef = 551126D22107D6FC00FB13DF /* Assets.xcassets */; };
		551126D62107D6FC00FB13DF /* LaunchScreen.storyboard in Resources */ = {isa = PBXBuildFile; fileRef = 551126D42107D6FC00FB13DF /* LaunchScreen.storyboard */; };
		551126E12107D6FC00FB13DF /* SwooshTests.swift in Sources */ = {isa = PBXBuildFile; fileRef = 551126E02107D6FC00FB13DF /* SwooshTests.swift */; };
		551126EC2107D6FD00FB13DF /* SwooshUITests.swift in Sources */ = {isa = PBXBuildFile; fileRef = 551126EB2107D6FD00FB13DF /* SwooshUITests.swift */; };
/* End PBXBuildFile section */

/* Begin PBXContainerItemProxy section */
		551126DD2107D6FC00FB13DF /* PBXContainerItemProxy */ = {
			isa = PBXContainerItemProxy;
			containerPortal = 551126C02107D6FB00FB13DF /* Project object */;
			proxyType = 1;
			remoteGlobalIDString = 551126C72107D6FB00FB13DF;
			remoteInfo = Swoosh;
		};
		551126E82107D6FC00FB13DF /* PBXContainerItemProxy */ = {
			isa = PBXContainerItemProxy;
			containerPortal = 551126C02107D6FB00FB13DF /* Project object */;
			proxyType = 1;
			remoteGlobalIDString = 551126C72107D6FB00FB13DF;
			remoteInfo = Swoosh;
		};
/* End PBXContainerItemProxy section */

/* Begin PBXFileReference section */
		551126C82107D6FB00FB13DF /* Swoosh.app */ = {isa = PBXFileReference; explicitFileType = wrapper.application; includeInIndex = 0; path = Swoosh.app; sourceTree = BUILT_PRODUCTS_DIR; };
		551126CB2107D6FB00FB13DF /* AppDelegate.swift */ = {isa = PBXFileReference; lastKnownFileType = sourcecode.swift; path = AppDelegate.swift; sourceTree = "<group>"; };
		551126CD2107D6FB00FB13DF /* ViewController.swift */ = {isa = PBXFileReference; lastKnownFileType = sourcecode.swift; path = ViewController.swift; sourceTree = "<group>"; };
		551126D02107D6FB00FB13DF /* Base */ = {isa = PBXFileReference; lastKnownFileType = file.storyboard; name = Base; path = Base.lproj/Main.storyboard; sourceTree = "<group>"; };
		551126D22107D6FC00FB13DF /* Assets.xcassets */ = {isa = PBXFileReference; lastKnownFileType = folder.assetcatalog; path = Assets.xcassets; sourceTree = "<group>"; };
		551126D52107D6FC00FB13DF /* Base */ = {isa = PBXFileReference; lastKnownFileType = file.storyboard; name = Base; path = Base.lproj/LaunchScreen.storyboard; sourceTree = "<group>"; };
		551126D72107D6FC00FB13DF /* Info.plist */ = {isa = PBXFileReference; lastKnownFileType = text.plist.xml; path = Info.plist; sourceTree = "<group>"; };
		551126DC2107D6FC00FB13DF /* SwooshTests.xctest */ = {isa = PBXFileReference; explicitFileType = wrapper.cfbundle; includeInIndex = 0; path = SwooshTests.xctest; sourceTree = BUILT_PRODUCTS_DIR; };
		551126E02107D6FC00FB13DF /* SwooshTests.swift */ = {isa = PBXFileReference; lastKnownFileType = sourcecode.swift; path = SwooshTests.swift; sourceTree = "<group>"; };
		551126E22107D6FC00FB13DF /* Info.plist */ = {isa = PBXFileReference; lastKnownFileType = text.plist.xml; path = Info.plist; sourceTree = "<group>"; };
		551126E72107D6FC00FB13DF /* SwooshUITests.xctest */ = {isa = PBXFileReference; explicitFileType = wrapper.cfbundle; includeInIndex = 0; path = SwooshUITests.xctest; sourceTree = BUILT_PRODUCTS_DIR; };
		551126EB2107D6FD00FB13DF /* SwooshUITests.swift */ = {isa = PBXFileReference; lastKnownFileType = sourcecode.swift; path = SwooshUITests.swift; sourceTree = "<group>"; };
		551126ED2107D6FD00FB13DF /* Info.plist */ = {isa = PBXFileReference; lastKnownFileType = text.plist.xml; path = Info.plist; sourceTree = "<group>"; };
/* End PBXFileReference section */

/* Begin PBXFrameworksBuildPhase section */
		551126C52107D6FB00FB13DF /* Frameworks */ = {
			isa = PBXFrameworksBuildPhase;
			buildActionMask = 2147483647;
			files = (
			);
			runOnlyForDeploymentPostprocessing = 0;
		};
		551126D92107D6FC00FB13DF /* Frameworks */ = {
			isa = PBXFrameworksBuildPhase;
			buildActionMask = 2147483647;
			files = (
			);
			runOnlyForDeploymentPostprocessing = 0;
		};
		551126E42107D6FC00FB13DF /* Frameworks */ = {
			isa = PBXFrameworksBuildPhase;
			buildActionMask = 2147483647;
			files = (
			);
			runOnlyForDeploymentPostprocessing = 0;
		};
/* End PBXFrameworksBuildPhase section */

/* Begin PBXGroup section */
		551126BF2107D6FB00FB13DF = {
			isa = PBXGroup;
			children = (
				551126CA2107D6FB00FB13DF /* Swoosh */,
				551126DF2107D6FC00FB13DF /* SwooshTests */,
				551126EA2107D6FD00FB13DF /* SwooshUITests */,
				551126C92107D6FB00FB13DF /* Products */,
			);
			sourceTree = "<group>";
		};
		551126C92107D6FB00FB13DF /* Products */ = {
			isa = PBXGroup;
			children = (
				551126C82107D6FB00FB13DF /* Swoosh.app */,
				551126DC2107D6FC00FB13DF /* SwooshTests.xctest */,
				551126E72107D6FC00FB13DF /* SwooshUITests.xctest */,
			);
			name = Products;
			sourceTree = "<group>";
		};
		551126CA2107D6FB00FB13DF /* Swoosh */ = {
			isa = PBXGroup;
			children = (
				551126CB2107D6FB00FB13DF /* AppDelegate.swift */,
				551126CD2107D6FB00FB13DF /* ViewController.swift */,
				551126CF2107D6FB00FB13DF /* Main.storyboard */,
				551126D22107D6FC00FB13DF /* Assets.xcassets */,
				551126D42107D6FC00FB13DF /* LaunchScreen.storyboard */,
				551126D72107D6FC00FB13DF /* Info.plist */,
			);
			path = Swoosh;
			sourceTree = "<group>";
		};
		551126DF2107D6FC00FB13DF /* SwooshTests */ = {
			isa = PBXGroup;
			children = (
				551126E02107D6FC00FB13DF /* SwooshTests.swift */,
				551126E22107D6FC00FB13DF /* Info.plist */,
			);
			path = SwooshTests;
			sourceTree = "<group>";
		};
		551126EA2107D6FD00FB13DF /* SwooshUITests */ = {
			isa = PBXGroup;
			children = (
				551126EB2107D6FD00FB13DF /* SwooshUITests.swift */,
				551126ED2107D6FD00FB13DF /* Info.plist */,
			);
			path = SwooshUITests;
			sourceTree = "<group>";
		};
/* End PBXGroup section */

/* Begin PBXNativeTarget section */
		551126C72107D6FB00FB13DF /* Swoosh */ = {
			isa = PBXNativeTarget;
			buildConfigurationList = 551126F02107D6FD00FB13DF /* Build configuration list for PBXNativeTarget "Swoosh" */;
			buildPhases = (
				551126C42107D6FB00FB13DF /* Sources */,
				551126C52107D6FB00FB13DF /* Frameworks */,
				551126C62107D6FB00FB13DF /* Resources */,
			);
			buildRules = (
			);
			dependencies = (
			);
			name = Swoosh;
			productName = Swoosh;
			productReference = 551126C82107D6FB00FB13DF /* Swoosh.app */;
			productType = "com.apple.product-type.application";
		};
		551126DB2107D6FC00FB13DF /* SwooshTests */ = {
			isa = PBXNativeTarget;
			buildConfigurationList = 551126F32107D6FD00FB13DF /* Build configuration list for PBXNativeTarget "SwooshTests" */;
			buildPhases = (
				551126D82107D6FC00FB13DF /* Sources */,
				551126D92107D6FC00FB13DF /* Frameworks */,
				551126DA2107D6FC00FB13DF /* Resources */,
			);
			buildRules = (
			);
			dependencies = (
				551126DE2107D6FC00FB13DF /* PBXTargetDependency */,
			);
			name = SwooshTests;
			productName = SwooshTests;
			productReference = 551126DC2107D6FC00FB13DF /* SwooshTests.xctest */;
			productType = "com.apple.product-type.bundle.unit-test";
		};
		551126E62107D6FC00FB13DF /* SwooshUITests */ = {
			isa = PBXNativeTarget;
			buildConfigurationList = 551126F62107D6FD00FB13DF /* Build configuration list for PBXNativeTarget "SwooshUITests" */;
			buildPhases = (
				551126E32107D6FC00FB13DF /* Sources */,
				551126E42107D6FC00FB13DF /* Frameworks */,
				551126E52107D6FC00FB13DF /* Resources */,
			);
			buildRules = (
			);
			dependencies = (
				551126E92107D6FC00FB13DF /* PBXTargetDependency */,
			);
			name = SwooshUITests;
			productName = SwooshUITests;
			productReference = 551126E72107D6FC00FB13DF /* SwooshUITests.xctest */;
			productType = "com.apple.product-type.bundle.ui-testing";
		};
/* End PBXNativeTarget section */

/* Begin PBXProject section */
		551126C02107D6FB00FB13DF /* Project object */ = {
			isa = PBXProject;
			attributes = {
				LastSwiftUpdateCheck = 0930;
				LastUpgradeCheck = 0930;
				ORGANIZATIONNAME = Basavaraja;
				TargetAttributes = {
					551126C72107D6FB00FB13DF = {
						CreatedOnToolsVersion = 9.3.1;
					};
					551126DB2107D6FC00FB13DF = {
						CreatedOnToolsVersion = 9.3.1;
						TestTargetID = 551126C72107D6FB00FB13DF;
					};
					551126E62107D6FC00FB13DF = {
						CreatedOnToolsVersion = 9.3.1;
						TestTargetID = 551126C72107D6FB00FB13DF;
					};
				};
			};
			buildConfigurationList = 551126C32107D6FB00FB13DF /* Build configuration list for PBXProject "Swoosh" */;
			compatibilityVersion = "Xcode 9.3";
			developmentRegion = en;
			hasScannedForEncodings = 0;
			knownRegions = (
				en,
				Base,
			);
			mainGroup = 551126BF2107D6FB00FB13DF;
			productRefGroup = 551126C92107D6FB00FB13DF /* Products */;
			projectDirPath = "";
			projectRoot = "";
			targets = (
				551126C72107D6FB00FB13DF /* Swoosh */,
				551126DB2107D6FC00FB13DF /* SwooshTests */,
				551126E62107D6FC00FB13DF /* SwooshUITests */,
			);
		};
/* End PBXProject section */

/* Begin PBXResourcesBuildPhase section */
		551126C62107D6FB00FB13DF /* Resources */ = {
			isa = PBXResourcesBuildPhase;
			buildActionMask = 2147483647;
			files = (
				551126D62107D6FC00FB13DF /* LaunchScreen.storyboard in Resources */,
				551126D32107D6FC00FB13DF /* Assets.xcassets in Resources */,
				551126D12107D6FB00FB13DF /* Main.storyboard in Resources */,
			);
			runOnlyForDeploymentPostprocessing = 0;
		};
		551126DA2107D6FC00FB13DF /* Resources */ = {
			isa = PBXResourcesBuildPhase;
			buildActionMask = 2147483647;
			files = (
			);
			runOnlyForDeploymentPostprocessing = 0;
		};
		551126E52107D6FC00FB13DF /* Resources */ = {
			isa = PBXResourcesBuildPhase;
			buildActionMask = 2147483647;
			files = (
			);
			runOnlyForDeploymentPostprocessing = 0;
		};
/* End PBXResourcesBuildPhase section */

/* Begin PBXSourcesBuildPhase section */
		551126C42107D6FB00FB13DF /* Sources */ = {
			isa = PBXSourcesBuildPhase;
			buildActionMask = 2147483647;
			files = (
				551126CE2107D6FB00FB13DF /* ViewController.swift in Sources */,
				551126CC2107D6FB00FB13DF /* AppDelegate.swift in Sources */,
			);
			runOnlyForDeploymentPostprocessing = 0;
		};
		551126D82107D6FC00FB13DF /* Sources */ = {
			isa = PBXSourcesBuildPhase;
			buildActionMask = 2147483647;
			files = (
				551126E12107D6FC00FB13DF /* SwooshTests.swift in Sources */,
			);
			runOnlyForDeploymentPostprocessing = 0;
		};
		551126E32107D6FC00FB13DF /* Sources */ = {
			isa = PBXSourcesBuildPhase;
			buildActionMask = 2147483647;
			files = (
				551126EC2107D6FD00FB13DF /* SwooshUITests.swift in Sources */,
			);
			runOnlyForDeploymentPostprocessing = 0;
		};
/* End PBXSourcesBuildPhase section */

/* Begin PBXTargetDependency section */
		551126DE2107D6FC00FB13DF /* PBXTargetDependency */ = {
			isa = PBXTargetDependency;
			target = 551126C72107D6FB00FB13DF /* Swoosh */;
			targetProxy = 551126DD2107D6FC00FB13DF /* PBXContainerItemProxy */;
		};
		551126E92107D6FC00FB13DF /* PBXTargetDependency */ = {
			isa = PBXTargetDependency;
			target = 551126C72107D6FB00FB13DF /* Swoosh */;
			targetProxy = 551126E82107D6FC00FB13DF /* PBXContainerItemProxy */;
		};
/* End PBXTargetDependency section */

/* Begin PBXVariantGroup section */
		551126CF2107D6FB00FB13DF /* Main.storyboard */ = {
			isa = PBXVariantGroup;
			children = (
				551126D02107D6FB00FB13DF /* Base */,
			);
			name = Main.storyboard;
			sourceTree = "<group>";
		};
		551126D42107D6FC00FB13DF /* LaunchScreen.storyboard */ = {
			isa = PBXVariantGroup;
			children = (
				551126D52107D6FC00FB13DF /* Base */,
			);
			name = LaunchScreen.storyboard;
			sourceTree = "<group>";
		};
/* End PBXVariantGroup section */

/* Begin XCBuildConfiguration section */
		551126EE2107D6FD00FB13DF /* Debug */ = {
			isa = XCBuildConfiguration;
			buildSettings = {
				ALWAYS_SEARCH_USER_PATHS = NO;
				CLANG_ANALYZER_NONNULL = YES;
				CLANG_ANALYZER_NUMBER_OBJECT_CONVERSION = YES_AGGRESSIVE;
				CLANG_CXX_LANGUAGE_STANDARD = "gnu++14";
				CLANG_CXX_LIBRARY = "libc++";
				CLANG_ENABLE_MODULES = YES;
				CLANG_ENABLE_OBJC_ARC = YES;
				CLANG_ENABLE_OBJC_WEAK = YES;
				CLANG_WARN_BLOCK_CAPTURE_AUTORELEASING = YES;
				CLANG_WARN_BOOL_CONVERSION = YES;
				CLANG_WARN_COMMA = YES;
				CLANG_WARN_CONSTANT_CONVERSION = YES;
				CLANG_WARN_DEPRECATED_OBJC_IMPLEMENTATIONS = YES;
				CLANG_WARN_DIRECT_OBJC_ISA_USAGE = YES_ERROR;
				CLANG_WARN_DOCUMENTATION_COMMENTS = YES;
				CLANG_WARN_EMPTY_BODY = YES;
				CLANG_WARN_ENUM_CONVERSION = YES;
				CLANG_WARN_INFINITE_RECURSION = YES;
				CLANG_WARN_INT_CONVERSION = YES;
				CLANG_WARN_NON_LITERAL_NULL_CONVERSION = YES;
				CLANG_WARN_OBJC_IMPLICIT_RETAIN_SELF = YES;
				CLANG_WARN_OBJC_LITERAL_CONVERSION = YES;
				CLANG_WARN_OBJC_ROOT_CLASS = YES_ERROR;
				CLANG_WARN_RANGE_LOOP_ANALYSIS = YES;
				CLANG_WARN_STRICT_PROTOTYPES = YES;
				CLANG_WARN_SUSPICIOUS_MOVE = YES;
				CLANG_WARN_UNGUARDED_AVAILABILITY = YES_AGGRESSIVE;
				CLANG_WARN_UNREACHABLE_CODE = YES;
				CLANG_WARN__DUPLICATE_METHOD_MATCH = YES;
				CODE_SIGN_IDENTITY = "iPhone Developer";
				COPY_PHASE_STRIP = NO;
				DEBUG_INFORMATION_FORMAT = dwarf;
				ENABLE_STRICT_OBJC_MSGSEND = YES;
				ENABLE_TESTABILITY = YES;
				GCC_C_LANGUAGE_STANDARD = gnu11;
				GCC_DYNAMIC_NO_PIC = NO;
				GCC_NO_COMMON_BLOCKS = YES;
				GCC_OPTIMIZATION_LEVEL = 0;
				GCC_PREPROCESSOR_DEFINITIONS = (
					"DEBUG=1",
					"$(inherited)",
				);
				GCC_WARN_64_TO_32_BIT_CONVERSION = YES;
				GCC_WARN_ABOUT_RETURN_TYPE = YES_ERROR;
				GCC_WARN_UNDECLARED_SELECTOR = YES;
				GCC_WARN_UNINITIALIZED_AUTOS = YES_AGGRESSIVE;
				GCC_WARN_UNUSED_FUNCTION = YES;
				GCC_WARN_UNUSED_VARIABLE = YES;
				IPHONEOS_DEPLOYMENT_TARGET = 11.3;
				MTL_ENABLE_DEBUG_INFO = YES;
				ONLY_ACTIVE_ARCH = YES;
				SDKROOT = iphoneos;
				SWIFT_ACTIVE_COMPILATION_CONDITIONS = DEBUG;
				SWIFT_OPTIMIZATION_LEVEL = "-Onone";
			};
			name = Debug;
		};
		551126EF2107D6FD00FB13DF /* Release */ = {
			isa = XCBuildConfiguration;
			buildSettings = {
				ALWAYS_SEARCH_USER_PATHS = NO;
				CLANG_ANALYZER_NONNULL = YES;
				CLANG_ANALYZER_NUMBER_OBJECT_CONVERSION = YES_AGGRESSIVE;
				CLANG_CXX_LANGUAGE_STANDARD = "gnu++14";
				CLANG_CXX_LIBRARY = "libc++";
				CLANG_ENABLE_MODULES = YES;
				CLANG_ENABLE_OBJC_ARC = YES;
				CLANG_ENABLE_OBJC_WEAK = YES;
				CLANG_WARN_BLOCK_CAPTURE_AUTORELEASING = YES;
				CLANG_WARN_BOOL_CONVERSION = YES;
				CLANG_WARN_COMMA = YES;
				CLANG_WARN_CONSTANT_CONVERSION = YES;
				CLANG_WARN_DEPRECATED_OBJC_IMPLEMENTATIONS = YES;
				CLANG_WARN_DIRECT_OBJC_ISA_USAGE = YES_ERROR;
				CLANG_WARN_DOCUMENTATION_COMMENTS = YES;
				CLANG_WARN_EMPTY_BODY = YES;
				CLANG_WARN_ENUM_CONVERSION = YES;
				CLANG_WARN_INFINITE_RECURSION = YES;
				CLANG_WARN_INT_CONVERSION = YES;
				CLANG_WARN_NON_LITERAL_NULL_CONVERSION = YES;
				CLANG_WARN_OBJC_IMPLICIT_RETAIN_SELF = YES;
				CLANG_WARN_OBJC_LITERAL_CONVERSION = YES;
				CLANG_WARN_OBJC_ROOT_CLASS = YES_ERROR;
				CLANG_WARN_RANGE_LOOP_ANALYSIS = YES;
				CLANG_WARN_STRICT_PROTOTYPES = YES;
				CLANG_WARN_SUSPICIOUS_MOVE = YES;
				CLANG_WARN_UNGUARDED_AVAILABILITY = YES_AGGRESSIVE;
				CLANG_WARN_UNREACHABLE_CODE = YES;
				CLANG_WARN__DUPLICATE_METHOD_MATCH = YES;
				CODE_SIGN_IDENTITY = "iPhone Developer";
				COPY_PHASE_STRIP = NO;
				DEBUG_INFORMATION_FORMAT = "dwarf-with-dsym";
				ENABLE_NS_ASSERTIONS = NO;
				ENABLE_STRICT_OBJC_MSGSEND = YES;
				GCC_C_LANGUAGE_STANDARD = gnu11;
				GCC_NO_COMMON_BLOCKS = YES;
				GCC_WARN_64_TO_32_BIT_CONVERSION = YES;
				GCC_WARN_ABOUT_RETURN_TYPE = YES_ERROR;
				GCC_WARN_UNDECLARED_SELECTOR = YES;
				GCC_WARN_UNINITIALIZED_AUTOS = YES_AGGRESSIVE;
				GCC_WARN_UNUSED_FUNCTION = YES;
				GCC_WARN_UNUSED_VARIABLE = YES;
				IPHONEOS_DEPLOYMENT_TARGET = 11.3;
				MTL_ENABLE_DEBUG_INFO = NO;
				SDKROOT = iphoneos;
				SWIFT_COMPILATION_MODE = wholemodule;
				SWIFT_OPTIMIZATION_LEVEL = "-O";
				VALIDATE_PRODUCT = YES;
			};
			name = Release;
		};
		551126F12107D6FD00FB13DF /* Debug */ = {
			isa = XCBuildConfiguration;
			buildSettings = {
				ASSETCATALOG_COMPILER_APPICON_NAME = AppIcon;
				CODE_SIGN_STYLE = Automatic;
				INFOPLIST_FILE = Swoosh/Info.plist;
				LD_RUNPATH_SEARCH_PATHS = (
					"$(inherited)",
					"@executable_path/Frameworks",
				);
				PRODUCT_BUNDLE_IDENTIFIER = com.fiori.Swoosh;
				PRODUCT_NAME = "$(TARGET_NAME)";
				SWIFT_VERSION = 4.0;
				TARGETED_DEVICE_FAMILY = "1,2";
			};
			name = Debug;
		};
		551126F22107D6FD00FB13DF /* Release */ = {
			isa = XCBuildConfiguration;
			buildSettings = {
				ASSETCATALOG_COMPILER_APPICON_NAME = AppIcon;
				CODE_SIGN_STYLE = Automatic;
				INFOPLIST_FILE = Swoosh/Info.plist;
				LD_RUNPATH_SEARCH_PATHS = (
					"$(inherited)",
					"@executable_path/Frameworks",
				);
				PRODUCT_BUNDLE_IDENTIFIER = com.fiori.Swoosh;
				PRODUCT_NAME = "$(TARGET_NAME)";
				SWIFT_VERSION = 4.0;
				TARGETED_DEVICE_FAMILY = "1,2";
			};
			name = Release;
		};
		551126F42107D6FD00FB13DF /* Debug */ = {
			isa = XCBuildConfiguration;
			buildSettings = {
				ALWAYS_EMBED_SWIFT_STANDARD_LIBRARIES = YES;
				BUNDLE_LOADER = "$(TEST_HOST)";
				CODE_SIGN_STYLE = Automatic;
				INFOPLIST_FILE = SwooshTests/Info.plist;
				LD_RUNPATH_SEARCH_PATHS = (
					"$(inherited)",
					"@executable_path/Frameworks",
					"@loader_path/Frameworks",
				);
				PRODUCT_BUNDLE_IDENTIFIER = com.fiori.SwooshTests;
				PRODUCT_NAME = "$(TARGET_NAME)";
				SWIFT_VERSION = 4.0;
				TARGETED_DEVICE_FAMILY = "1,2";
				TEST_HOST = "$(BUILT_PRODUCTS_DIR)/Swoosh.app/Swoosh";
			};
			name = Debug;
		};
		551126F52107D6FD00FB13DF /* Release */ = {
			isa = XCBuildConfiguration;
			buildSettings = {
				ALWAYS_EMBED_SWIFT_STANDARD_LIBRARIES = YES;
				BUNDLE_LOADER = "$(TEST_HOST)";
				CODE_SIGN_STYLE = Automatic;
				INFOPLIST_FILE = SwooshTests/Info.plist;
				LD_RUNPATH_SEARCH_PATHS = (
					"$(inherited)",
					"@executable_path/Frameworks",
					"@loader_path/Frameworks",
				);
				PRODUCT_BUNDLE_IDENTIFIER = com.fiori.SwooshTests;
				PRODUCT_NAME = "$(TARGET_NAME)";
				SWIFT_VERSION = 4.0;
				TARGETED_DEVICE_FAMILY = "1,2";
				TEST_HOST = "$(BUILT_PRODUCTS_DIR)/Swoosh.app/Swoosh";
			};
			name = Release;
		};
		551126F72107D6FD00FB13DF /* Debug */ = {
			isa = XCBuildConfiguration;
			buildSettings = {
				ALWAYS_EMBED_SWIFT_STANDARD_LIBRARIES = YES;
				CODE_SIGN_STYLE = Automatic;
				INFOPLIST_FILE = SwooshUITests/Info.plist;
				LD_RUNPATH_SEARCH_PATHS = (
					"$(inherited)",
					"@executable_path/Frameworks",
					"@loader_path/Frameworks",
				);
				PRODUCT_BUNDLE_IDENTIFIER = com.fiori.SwooshUITests;
				PRODUCT_NAME = "$(TARGET_NAME)";
				SWIFT_VERSION = 4.0;
				TARGETED_DEVICE_FAMILY = "1,2";
				TEST_TARGET_NAME = Swoosh;
			};
			name = Debug;
		};
		551126F82107D6FD00FB13DF /* Release */ = {
			isa = XCBuildConfiguration;
			buildSettings = {
				ALWAYS_EMBED_SWIFT_STANDARD_LIBRARIES = YES;
				CODE_SIGN_STYLE = Automatic;
				INFOPLIST_FILE = SwooshUITests/Info.plist;
				LD_RUNPATH_SEARCH_PATHS = (
					"$(inherited)",
					"@executable_path/Frameworks",
					"@loader_path/Frameworks",
				);
				PRODUCT_BUNDLE_IDENTIFIER = com.fiori.SwooshUITests;
				PRODUCT_NAME = "$(TARGET_NAME)";
				SWIFT_VERSION = 4.0;
				TARGETED_DEVICE_FAMILY = "1,2";
				TEST_TARGET_NAME = Swoosh;
			};
			name = Release;
		};
/* End XCBuildConfiguration section */

/* Begin XCConfigurationList section */
		551126C32107D6FB00FB13DF /* Build configuration list for PBXProject "Swoosh" */ = {
			isa = XCConfigurationList;
			buildConfigurations = (
				551126EE2107D6FD00FB13DF /* Debug */,
				551126EF2107D6FD00FB13DF /* Release */,
			);
			defaultConfigurationIsVisible = 0;
			defaultConfigurationName = Release;
		};
		551126F02107D6FD00FB13DF /* Build configuration list for PBXNativeTarget "Swoosh" */ = {
			isa = XCConfigurationList;
			buildConfigurations = (
				551126F12107D6FD00FB13DF /* Debug */,
				551126F22107D6FD00FB13DF /* Release */,
			);
			defaultConfigurationIsVisible = 0;
			defaultConfigurationName = Release;
		};
		551126F32107D6FD00FB13DF /* Build configuration list for PBXNativeTarget "SwooshTests" */ = {
			isa = XCConfigurationList;
			buildConfigurations = (
				551126F42107D6FD00FB13DF /* Debug */,
				551126F52107D6FD00FB13DF /* Release */,
			);
			defaultConfigurationIsVisible = 0;
			defaultConfigurationName = Release;
		};
		551126F62107D6FD00FB13DF /* Build configuration list for PBXNativeTarget "SwooshUITests" */ = {
			isa = XCConfigurationList;
			buildConfigurations = (
				551126F72107D6FD00FB13DF /* Debug */,
				551126F82107D6FD00FB13DF /* Release */,
			);
			defaultConfigurationIsVisible = 0;
			defaultConfigurationName = Release;
		};
/* End XCConfigurationList section */
	};
	rootObject = 551126C02107D6FB00FB13DF /* Project object */;
}
